
Microsoft Visual Studio Solution File, Format Version 12.00
# Visual Studio Version 17
VisualStudioVersion = 17.5.2.0
MinimumVisualStudioVersion = 10.0.40219.1
Project("{FAE04EC0-301F-11D3-BF4B-00C04F79EFBC}") = "BrokenNes.Windows", "Windows\BrokenNes.Windows.csproj", "{A4D8B92A-3C2B-4F8D-9BEA-4E45E1E1C042}"
EndProject
Project("{2150E333-8FDC-42A3-9474-1A3956D46DE8}") = "Workshop", "Workshop", "{2FB3DC77-AF68-536B-2541-271BB767B72D}"
EndProject
Project("{FAE04EC0-301F-11D3-BF4B-00C04F79EFBC}") = "BrokenNes.Workshop", "Workshop\BrokenNes.Workshop.csproj", "{AB841C70-0A7B-4CD0-9FFB-1C70D9D4C7CE}"
EndProject
Global
	GlobalSection(SolutionConfigurationPlatforms) = preSolution
		Debug|Any CPU = Debug|Any CPU
		Debug|x64 = Debug|x64
		Debug|x86 = Debug|x86
		Release|Any CPU = Release|Any CPU
		Release|x64 = Release|x64
		Release|x86 = Release|x86
	EndGlobalSection
	GlobalSection(ProjectConfigurationPlatforms) = postSolution
		{A4D8B92A-3C2B-4F8D-9BEA-4E45E1E1C042}.Debug|Any CPU.ActiveCfg = Debug|Any CPU
		{A4D8B92A-3C2B-4F8D-9BEA-4E45E1E1C042}.Debug|Any CPU.Build.0 = Debug|Any CPU
		{A4D8B92A-3C2B-4F8D-9BEA-4E45E1E1C042}.Debug|x64.ActiveCfg = Debug|Any CPU
		{A4D8B92A-3C2B-4F8D-9BEA-4E45E1E1C042}.Debug|x64.Build.0 = Debug|Any CPU
		{A4D8B92A-3C2B-4F8D-9BEA-4E45E1E1C042}.Debug|x86.ActiveCfg = Debug|Any CPU
		{A4D8B92A-3C2B-4F8D-9BEA-4E45E1E1C042}.Debug|x86.Build.0 = Debug|Any CPU
		{A4D8B92A-3C2B-4F8D-9BEA-4E45E1E1C042}.Release|Any CPU.ActiveCfg = Release|Any CPU
		{A4D8B92A-3C2B-4F8D-9BEA-4E45E1E1C042}.Release|Any CPU.Build.0 = Release|Any CPU
		{A4D8B92A-3C2B-4F8D-9BEA-4E45E1E1C042}.Release|x64.ActiveCfg = Release|Any CPU
		{A4D8B92A-3C2B-4F8D-9BEA-4E45E1E1C042}.Release|x64.Build.0 = Release|Any CPU
		{A4D8B92A-3C2B-4F8D-9BEA-4E45E1E1C042}.Release|x86.ActiveCfg = Release|Any CPU
		{A4D8B92A-3C2B-4F8D-9BEA-4E45E1E1C042}.Release|x86.Build.0 = Release|Any CPU
		{AB841C70-0A7B-4CD0-9FFB-1C70D9D4C7CE}.Debug|Any CPU.ActiveCfg = Debug|Any CPU
		{AB841C70-0A7B-4CD0-9FFB-1C70D9D4C7CE}.Debug|Any CPU.Build.0 = Debug|Any CPU
		{AB841C70-0A7B-4CD0-9FFB-1C70D9D4C7CE}.Debug|x64.ActiveCfg = Debug|Any CPU
		{AB841C70-0A7B-4CD0-9FFB-1C70D9D4C7CE}.Debug|x64.Build.0 = Debug|Any CPU
		{AB841C70-0A7B-4CD0-9FFB-1C70D9D4C7CE}.Debug|x86.ActiveCfg = Debug|Any CPU
		{AB841C70-0A7B-4CD0-9FFB-1C70D9D4C7CE}.Debug|x86.Build.0 = Debug|Any CPU
		{AB841C70-0A7B-4CD0-9FFB-1C70D9D4C7CE}.Release|Any CPU.ActiveCfg = Release|Any CPU
		{AB841C70-0A7B-4CD0-9FFB-1C70D9D4C7CE}.Release|Any CPU.Build.0 = Release|Any CPU
		{AB841C70-0A7B-4CD0-9FFB-1C70D9D4C7CE}.Release|x64.ActiveCfg = Release|Any CPU
		{AB841C70-0A7B-4CD0-9FFB-1C70D9D4C7CE}.Release|x64.Build.0 = Release|Any CPU
		{AB841C70-0A7B-4CD0-9FFB-1C70D9D4C7CE}.Release|x86.ActiveCfg = Release|Any CPU
		{AB841C70-0A7B-4CD0-9FFB-1C70D9D4C7CE}.Release|x86.Build.0 = Release|Any CPU
	EndGlobalSection
	GlobalSection(SolutionProperties) = preSolution
		HideSolutionNode = FALSE
	EndGlobalSection
	GlobalSection(NestedProjects) = preSolution
		{AB841C70-0A7B-4CD0-9FFB-1C70D9D4C7CE} = {2FB3DC77-AF68-536B-2541-271BB767B72D}
	EndGlobalSection
	GlobalSection(ExtensibilityGlobals) = postSolution
		SolutionGuid = {0A1F844F-DD96-4B05-B576-01DA53B99C82}
	EndGlobalSection
EndGlobal
