
Microsoft Visual Studio Solution File, Format Version 12.00
# Visual Studio Version 17
VisualStudioVersion = 17.14.36414.22 d17.14
MinimumVisualStudioVersion = 10.0.40219.1
Project("{FAE04EC0-301F-11D3-BF4B-00C04F79EFBC}") = "OfflineRA", "OfflineRA.csproj", "{336AA0E1-8FF3-4D21-8971-869C8963B769}"
EndProject
Global
	GlobalSection(SolutionConfigurationPlatforms) = preSolution
		Debug|Any CPU = Debug|Any CPU
		Release|Any CPU = Release|Any CPU
	EndGlobalSection
	GlobalSection(ProjectConfigurationPlatforms) = postSolution
		{336AA0E1-8FF3-4D21-8971-869C8963B769}.Debug|Any CPU.ActiveCfg = Debug|Any CPU
		{336AA0E1-8FF3-4D21-8971-869C8963B769}.Debug|Any CPU.Build.0 = Debug|Any CPU
		{336AA0E1-8FF3-4D21-8971-869C8963B769}.Release|Any CPU.ActiveCfg = Release|Any CPU
		{336AA0E1-8FF3-4D21-8971-869C8963B769}.Release|Any CPU.Build.0 = Release|Any CPU
	EndGlobalSection
	GlobalSection(SolutionProperties) = preSolution
		HideSolutionNode = FALSE
	EndGlobalSection
	GlobalSection(ExtensibilityGlobals) = postSolution
		SolutionGuid = {A4FF3443-4052-4CA3-8A6F-EE0B05496824}
	EndGlobalSection
EndGlobal
